schema: '2.0'
stages:
  data_ingestion:
    cmd: python src/data_ingestion.py
    deps:
    - path: src/data_ingestion.py
      hash: md5
      md5: 3825f5e922d428d1ba8abdc63836fef4
      size: 779
    outs:
    - path: data/ingested_data.csv
      hash: md5
      md5: 526bce65479b488a3f05e7d1a357ba26
      size: 82503625
  data_preprocessing:
    cmd: python src/data_preprocessing.py
    deps:
    - path: data/ingested_data.csv
      hash: md5
      md5: 526bce65479b488a3f05e7d1a357ba26
      size: 82503625
    - path: src/data_preprocessing.py
      hash: md5
      md5: 6f1ce9050c7cca7877a3c0fc555084b7
      size: 1647
    outs:
    - path: data/preprocessed_data.csv
      hash: md5
      md5: 49aadbc5cc57d3ac3ad680976b004e79
      size: 40063786
  model_training:
    cmd: python src/model_building.py
    deps:
    - path: data/preprocessed_data.csv
      hash: md5
      md5: 49aadbc5cc57d3ac3ad680976b004e79
      size: 40063786
    - path: src/model_building.py
      hash: md5
      md5: 82673cec557fd20fe71ffe8b4103fe5a
      size: 2441
    outs:
    - path: models/scaler.pkl
      hash: md5
      md5: 32f970cf623fd2c2e250f06a2f9eb73d
      size: 2479
    - path: models/xgb_model.json
      hash: md5
      md5: b9a6772354963e02ad18f2cd0e4d947f
      size: 954367
